
Microsoft Visual Studio Solution File, Format Version 12.00
# Visual Studio 14
VisualStudioVersion = 14.0.25123.0
MinimumVisualStudioVersion = 10.0.40219.1
Project("{FAE04EC0-301F-11D3-BF4B-00C04F79EFBC}") = "InternalAndProtectedinternal", "InternalAndProtectedinternal\InternalAndProtectedinternal.csproj", "{69E980C1-E3DD-440E-9D62-DA4FB7D7C3C9}"
EndProject
Project("{FAE04EC0-301F-11D3-BF4B-00C04F79EFBC}") = "AssemblyOne", "AssemblyOne\AssemblyOne.csproj", "{6BFCC7AE-9E00-43BF-956A-236A8E11C83C}"
EndProject
Project("{FAE04EC0-301F-11D3-BF4B-00C04F79EFBC}") = "AssemblyTwo", "AssemblyTwo\AssemblyTwo.csproj", "{8F79800D-8EE2-4587-B9F5-8FC00BF94BAD}"
EndProject
Global
	GlobalSection(SolutionConfigurationPlatforms) = preSolution
		Debug|Any CPU = Debug|Any CPU
		Release|Any CPU = Release|Any CPU
	EndGlobalSection
	GlobalSection(ProjectConfigurationPlatforms) = postSolution
		{69E980C1-E3DD-440E-9D62-DA4FB7D7C3C9}.Debug|Any CPU.ActiveCfg = Debug|Any CPU
		{69E980C1-E3DD-440E-9D62-DA4FB7D7C3C9}.Debug|Any CPU.Build.0 = Debug|Any CPU
		{69E980C1-E3DD-440E-9D62-DA4FB7D7C3C9}.Release|Any CPU.ActiveCfg = Release|Any CPU
		{69E980C1-E3DD-440E-9D62-DA4FB7D7C3C9}.Release|Any CPU.Build.0 = Release|Any CPU
		{6BFCC7AE-9E00-43BF-956A-236A8E11C83C}.Debug|Any CPU.ActiveCfg = Debug|Any CPU
		{6BFCC7AE-9E00-43BF-956A-236A8E11C83C}.Debug|Any CPU.Build.0 = Debug|Any CPU
		{6BFCC7AE-9E00-43BF-956A-236A8E11C83C}.Release|Any CPU.ActiveCfg = Release|Any CPU
		{6BFCC7AE-9E00-43BF-956A-236A8E11C83C}.Release|Any CPU.Build.0 = Release|Any CPU
		{8F79800D-8EE2-4587-B9F5-8FC00BF94BAD}.Debug|Any CPU.ActiveCfg = Debug|Any CPU
		{8F79800D-8EE2-4587-B9F5-8FC00BF94BAD}.Debug|Any CPU.Build.0 = Debug|Any CPU
		{8F79800D-8EE2-4587-B9F5-8FC00BF94BAD}.Release|Any CPU.ActiveCfg = Release|Any CPU
		{8F79800D-8EE2-4587-B9F5-8FC00BF94BAD}.Release|Any CPU.Build.0 = Release|Any CPU
	EndGlobalSection
	GlobalSection(SolutionProperties) = preSolution
		HideSolutionNode = FALSE
	EndGlobalSection
EndGlobal
